{
  "name": "vuepress-theme-landing",
  "version": "1.0.0",
  "lockfileVersion": 1,
  "requires": true,
  "dependencies": {
    "bulma": {
      "version": "0.9.3",
      "resolved": "https://registry.npmmirror.com/bulma/download/bulma-0.9.3.tgz",
      "integrity": "sha1-3cy3Q26+PiG/R6/gHTxDopa3AkM="
    }
  }
}
